
Microsoft Visual Studio Solution File, Format Version 12.00
# Visual Studio 14
VisualStudioVersion = 14.0.24720.0
MinimumVisualStudioVersion = 10.0.40219.1
Project("{2150E333-8FDC-42A3-9474-1A3956D46DE8}") = "CorrectAsyncStart", "CorrectAsyncStart", "{68918A41-8AF3-4936-97A3-6CD89AF07B2E}"
EndProject
Project("{D954291E-2A0B-460D-934E-DC6B0785DB48}") = "CorrectAsyncStart.Shared", "CorrectAsyncStart\CorrectAsyncStart.Shared\CorrectAsyncStart.Shared.shproj", "{96E79CE5-1663-447D-9036-6835028F1127}"
EndProject
Project("{FAE04EC0-301F-11D3-BF4B-00C04F79EFBC}") = "CorrectAsyncStart.Windows", "CorrectAsyncStart\CorrectAsyncStart.Windows\CorrectAsyncStart.Windows.csproj", "{3ADD8F46-83D7-4FF3-A9F6-2B202FDE9682}"
EndProject
Project("{FAE04EC0-301F-11D3-BF4B-00C04F79EFBC}") = "CorrectAsyncStart.WindowsPhone", "CorrectAsyncStart\CorrectAsyncStart.WindowsPhone\CorrectAsyncStart.WindowsPhone.csproj", "{211A96EC-6737-408F-848E-EF71896398C2}"
EndProject
Global
	GlobalSection(SharedMSBuildProjectFiles) = preSolution
		CorrectAsyncStart\CorrectAsyncStart.Shared\CorrectAsyncStart.Shared.projitems*{3add8f46-83d7-4ff3-a9f6-2b202fde9682}*SharedItemsImports = 4
		CorrectAsyncStart\CorrectAsyncStart.Shared\CorrectAsyncStart.Shared.projitems*{211a96ec-6737-408f-848e-ef71896398c2}*SharedItemsImports = 4
		CorrectAsyncStart\CorrectAsyncStart.Shared\CorrectAsyncStart.Shared.projitems*{96e79ce5-1663-447d-9036-6835028f1127}*SharedItemsImports = 13
	EndGlobalSection
	GlobalSection(SolutionConfigurationPlatforms) = preSolution
		Debug|Any CPU = Debug|Any CPU
		Debug|ARM = Debug|ARM
		Debug|x64 = Debug|x64
		Debug|x86 = Debug|x86
		Release|Any CPU = Release|Any CPU
		Release|ARM = Release|ARM
		Release|x64 = Release|x64
		Release|x86 = Release|x86
	EndGlobalSection
	GlobalSection(ProjectConfigurationPlatforms) = postSolution
		{3ADD8F46-83D7-4FF3-A9F6-2B202FDE9682}.Debug|Any CPU.ActiveCfg = Debug|Any CPU
		{3ADD8F46-83D7-4FF3-A9F6-2B202FDE9682}.Debug|Any CPU.Build.0 = Debug|Any CPU
		{3ADD8F46-83D7-4FF3-A9F6-2B202FDE9682}.Debug|Any CPU.Deploy.0 = Debug|Any CPU
		{3ADD8F46-83D7-4FF3-A9F6-2B202FDE9682}.Debug|ARM.ActiveCfg = Debug|ARM
		{3ADD8F46-83D7-4FF3-A9F6-2B202FDE9682}.Debug|ARM.Build.0 = Debug|ARM
		{3ADD8F46-83D7-4FF3-A9F6-2B202FDE9682}.Debug|ARM.Deploy.0 = Debug|ARM
		{3ADD8F46-83D7-4FF3-A9F6-2B202FDE9682}.Debug|x64.ActiveCfg = Debug|x64
		{3ADD8F46-83D7-4FF3-A9F6-2B202FDE9682}.Debug|x64.Build.0 = Debug|x64
		{3ADD8F46-83D7-4FF3-A9F6-2B202FDE9682}.Debug|x64.Deploy.0 = Debug|x64
		{3ADD8F46-83D7-4FF3-A9F6-2B202FDE9682}.Debug|x86.ActiveCfg = Debug|x86
		{3ADD8F46-83D7-4FF3-A9F6-2B202FDE9682}.Debug|x86.Build.0 = Debug|x86
		{3ADD8F46-83D7-4FF3-A9F6-2B202FDE9682}.Debug|x86.Deploy.0 = Debug|x86
		{3ADD8F46-83D7-4FF3-A9F6-2B202FDE9682}.Release|Any CPU.ActiveCfg = Release|Any CPU
		{3ADD8F46-83D7-4FF3-A9F6-2B202FDE9682}.Release|Any CPU.Build.0 = Release|Any CPU
		{3ADD8F46-83D7-4FF3-A9F6-2B202FDE9682}.Release|Any CPU.Deploy.0 = Release|Any CPU
		{3ADD8F46-83D7-4FF3-A9F6-2B202FDE9682}.Release|ARM.ActiveCfg = Release|ARM
		{3ADD8F46-83D7-4FF3-A9F6-2B202FDE9682}.Release|ARM.Build.0 = Release|ARM
		{3ADD8F46-83D7-4FF3-A9F6-2B202FDE9682}.Release|ARM.Deploy.0 = Release|ARM
		{3ADD8F46-83D7-4FF3-A9F6-2B202FDE9682}.Release|x64.ActiveCfg = Release|x64
		{3ADD8F46-83D7-4FF3-A9F6-2B202FDE9682}.Release|x64.Build.0 = Release|x64
		{3ADD8F46-83D7-4FF3-A9F6-2B202FDE9682}.Release|x64.Deploy.0 = Release|x64
		{3ADD8F46-83D7-4FF3-A9F6-2B202FDE9682}.Release|x86.ActiveCfg = Release|x86
		{3ADD8F46-83D7-4FF3-A9F6-2B202FDE9682}.Release|x86.Build.0 = Release|x86
		{3ADD8F46-83D7-4FF3-A9F6-2B202FDE9682}.Release|x86.Deploy.0 = Release|x86
		{211A96EC-6737-408F-848E-EF71896398C2}.Debug|Any CPU.ActiveCfg = Debug|Any CPU
		{211A96EC-6737-408F-848E-EF71896398C2}.Debug|Any CPU.Build.0 = Debug|Any CPU
		{211A96EC-6737-408F-848E-EF71896398C2}.Debug|Any CPU.Deploy.0 = Debug|Any CPU
		{211A96EC-6737-408F-848E-EF71896398C2}.Debug|ARM.ActiveCfg = Debug|ARM
		{211A96EC-6737-408F-848E-EF71896398C2}.Debug|ARM.Build.0 = Debug|ARM
		{211A96EC-6737-408F-848E-EF71896398C2}.Debug|ARM.Deploy.0 = Debug|ARM
		{211A96EC-6737-408F-848E-EF71896398C2}.Debug|x64.ActiveCfg = Debug|Any CPU
		{211A96EC-6737-408F-848E-EF71896398C2}.Debug|x64.Build.0 = Debug|Any CPU
		{211A96EC-6737-408F-848E-EF71896398C2}.Debug|x64.Deploy.0 = Debug|Any CPU
		{211A96EC-6737-408F-848E-EF71896398C2}.Debug|x86.ActiveCfg = Debug|x86
		{211A96EC-6737-408F-848E-EF71896398C2}.Debug|x86.Build.0 = Debug|x86
		{211A96EC-6737-408F-848E-EF71896398C2}.Debug|x86.Deploy.0 = Debug|x86
		{211A96EC-6737-408F-848E-EF71896398C2}.Release|Any CPU.ActiveCfg = Release|Any CPU
		{211A96EC-6737-408F-848E-EF71896398C2}.Release|Any CPU.Build.0 = Release|Any CPU
		{211A96EC-6737-408F-848E-EF71896398C2}.Release|Any CPU.Deploy.0 = Release|Any CPU
		{211A96EC-6737-408F-848E-EF71896398C2}.Release|ARM.ActiveCfg = Release|ARM
		{211A96EC-6737-408F-848E-EF71896398C2}.Release|ARM.Build.0 = Release|ARM
		{211A96EC-6737-408F-848E-EF71896398C2}.Release|ARM.Deploy.0 = Release|ARM
		{211A96EC-6737-408F-848E-EF71896398C2}.Release|x64.ActiveCfg = Release|Any CPU
		{211A96EC-6737-408F-848E-EF71896398C2}.Release|x64.Build.0 = Release|Any CPU
		{211A96EC-6737-408F-848E-EF71896398C2}.Release|x64.Deploy.0 = Release|Any CPU
		{211A96EC-6737-408F-848E-EF71896398C2}.Release|x86.ActiveCfg = Release|x86
		{211A96EC-6737-408F-848E-EF71896398C2}.Release|x86.Build.0 = Release|x86
		{211A96EC-6737-408F-848E-EF71896398C2}.Release|x86.Deploy.0 = Release|x86
	EndGlobalSection
	GlobalSection(SolutionProperties) = preSolution
		HideSolutionNode = FALSE
	EndGlobalSection
	GlobalSection(NestedProjects) = preSolution
		{96E79CE5-1663-447D-9036-6835028F1127} = {68918A41-8AF3-4936-97A3-6CD89AF07B2E}
		{3ADD8F46-83D7-4FF3-A9F6-2B202FDE9682} = {68918A41-8AF3-4936-97A3-6CD89AF07B2E}
		{211A96EC-6737-408F-848E-EF71896398C2} = {68918A41-8AF3-4936-97A3-6CD89AF07B2E}
	EndGlobalSection
EndGlobal
