
Microsoft Visual Studio Solution File, Format Version 12.00
# Visual Studio Version 17
VisualStudioVersion = 17.3.32929.385
MinimumVisualStudioVersion = 10.0.40219.1
Project("{9A19103F-16F7-4668-BE54-9A1E7A4F7556}") = "OpenIdStudy.AuthCode", "OpenIdStudy.AuthCode\OpenIdStudy.AuthCode.csproj", "{84D49014-14ED-4FB6-9479-D06CAA899145}"
EndProject
Global
	GlobalSection(SolutionConfigurationPlatforms) = preSolution
		Debug|Any CPU = Debug|Any CPU
		Release|Any CPU = Release|Any CPU
	EndGlobalSection
	GlobalSection(ProjectConfigurationPlatforms) = postSolution
		{84D49014-14ED-4FB6-9479-D06CAA899145}.Debug|Any CPU.ActiveCfg = Debug|Any CPU
		{84D49014-14ED-4FB6-9479-D06CAA899145}.Debug|Any CPU.Build.0 = Debug|Any CPU
		{84D49014-14ED-4FB6-9479-D06CAA899145}.Release|Any CPU.ActiveCfg = Release|Any CPU
		{84D49014-14ED-4FB6-9479-D06CAA899145}.Release|Any CPU.Build.0 = Release|Any CPU
	EndGlobalSection
	GlobalSection(SolutionProperties) = preSolution
		HideSolutionNode = FALSE
	EndGlobalSection
	GlobalSection(ExtensibilityGlobals) = postSolution
		SolutionGuid = {128A175F-153A-42E5-ADEF-F9D884EFE8C9}
	EndGlobalSection
EndGlobal
