
Microsoft Visual Studio Solution File, Format Version 12.00
# Visual Studio 15
VisualStudioVersion = 15.0.27130.2010
MinimumVisualStudioVersion = 10.0.40219.1
Project("{9A19103F-16F7-4668-BE54-9A1E7A4F7556}") = "SportsStore", "SportsStore\SportsStore.csproj", "{80E55DCC-A4EC-45C2-9322-0530932B1AC4}"
EndProject
Project("{FAE04EC0-301F-11D3-BF4B-00C04F79EFBC}") = "SportsStore.Tests", "SportsStore.Tests\SportsStore.Tests.csproj", "{118A3E26-3E13-4D1F-BC63-1C867C572955}"
EndProject
Global
	GlobalSection(SolutionConfigurationPlatforms) = preSolution
		Debug|Any CPU = Debug|Any CPU
		Release|Any CPU = Release|Any CPU
	EndGlobalSection
	GlobalSection(ProjectConfigurationPlatforms) = postSolution
		{80E55DCC-A4EC-45C2-9322-0530932B1AC4}.Debug|Any CPU.ActiveCfg = Debug|Any CPU
		{80E55DCC-A4EC-45C2-9322-0530932B1AC4}.Debug|Any CPU.Build.0 = Debug|Any CPU
		{80E55DCC-A4EC-45C2-9322-0530932B1AC4}.Release|Any CPU.ActiveCfg = Release|Any CPU
		{80E55DCC-A4EC-45C2-9322-0530932B1AC4}.Release|Any CPU.Build.0 = Release|Any CPU
		{118A3E26-3E13-4D1F-BC63-1C867C572955}.Debug|Any CPU.ActiveCfg = Debug|Any CPU
		{118A3E26-3E13-4D1F-BC63-1C867C572955}.Debug|Any CPU.Build.0 = Debug|Any CPU
		{118A3E26-3E13-4D1F-BC63-1C867C572955}.Release|Any CPU.ActiveCfg = Release|Any CPU
		{118A3E26-3E13-4D1F-BC63-1C867C572955}.Release|Any CPU.Build.0 = Release|Any CPU
	EndGlobalSection
	GlobalSection(SolutionProperties) = preSolution
		HideSolutionNode = FALSE
	EndGlobalSection
	GlobalSection(ExtensibilityGlobals) = postSolution
		SolutionGuid = {EF48B581-F841-4467-9010-FA2B1A09D4BF}
	EndGlobalSection
EndGlobal
